
Microsoft Visual Studio Solution File, Format Version 12.00
# Visual Studio Version 17
VisualStudioVersion = 17.8.34408.163
MinimumVisualStudioVersion = 10.0.40219.1
Project("{FAE04EC0-301F-11D3-BF4B-00C04F79EFBC}") = "Airport", "Airport\Airport.csproj", "{9FE019AB-3B5F-4B5D-9CBB-7FBCC4A16958}"
EndProject
Global
	GlobalSection(SolutionConfigurationPlatforms) = preSolution
		Debug|Any CPU = Debug|Any CPU
		Release|Any CPU = Release|Any CPU
	EndGlobalSection
	GlobalSection(ProjectConfigurationPlatforms) = postSolution
		{9FE019AB-3B5F-4B5D-9CBB-7FBCC4A16958}.Debug|Any CPU.ActiveCfg = Debug|Any CPU
		{9FE019AB-3B5F-4B5D-9CBB-7FBCC4A16958}.Debug|Any CPU.Build.0 = Debug|Any CPU
		{9FE019AB-3B5F-4B5D-9CBB-7FBCC4A16958}.Release|Any CPU.ActiveCfg = Release|Any CPU
		{9FE019AB-3B5F-4B5D-9CBB-7FBCC4A16958}.Release|Any CPU.Build.0 = Release|Any CPU
	EndGlobalSection
	GlobalSection(SolutionProperties) = preSolution
		HideSolutionNode = FALSE
	EndGlobalSection
	GlobalSection(ExtensibilityGlobals) = postSolution
		SolutionGuid = {E7FB591E-2239-4665-92C0-C7F79AACEDE6}
	EndGlobalSection
EndGlobal
